
Microsoft Visual Studio Solution File, Format Version 12.00
# Visual Studio Version 17
VisualStudioVersion = 17.0.32112.339
MinimumVisualStudioVersion = 10.0.40219.1
Project("{9A19103F-16F7-4668-BE54-9A1E7A4F7556}") = "Xcel.Worker", "Xcel.Worker\Xcel.Worker.csproj", "{31B0C05A-1A48-4703-9320-511743ABD6A9}"
EndProject
Project("{FAE04EC0-301F-11D3-BF4B-00C04F79EFBC}") = "Xcel.Worker.Examples", "Xcel.Worker.Examples\Xcel.Worker.Examples.csproj", "{5CE809F1-745C-49F2-A513-1D7ADAF32965}"
EndProject
Global
	GlobalSection(SolutionConfigurationPlatforms) = preSolution
		Debug|Any CPU = Debug|Any CPU
		Release|Any CPU = Release|Any CPU
	EndGlobalSection
	GlobalSection(ProjectConfigurationPlatforms) = postSolution
		{31B0C05A-1A48-4703-9320-511743ABD6A9}.Debug|Any CPU.ActiveCfg = Debug|Any CPU
		{31B0C05A-1A48-4703-9320-511743ABD6A9}.Debug|Any CPU.Build.0 = Debug|Any CPU
		{31B0C05A-1A48-4703-9320-511743ABD6A9}.Release|Any CPU.ActiveCfg = Release|Any CPU
		{31B0C05A-1A48-4703-9320-511743ABD6A9}.Release|Any CPU.Build.0 = Release|Any CPU
		{5CE809F1-745C-49F2-A513-1D7ADAF32965}.Debug|Any CPU.ActiveCfg = Debug|Any CPU
		{5CE809F1-745C-49F2-A513-1D7ADAF32965}.Debug|Any CPU.Build.0 = Debug|Any CPU
		{5CE809F1-745C-49F2-A513-1D7ADAF32965}.Release|Any CPU.ActiveCfg = Release|Any CPU
		{5CE809F1-745C-49F2-A513-1D7ADAF32965}.Release|Any CPU.Build.0 = Release|Any CPU
	EndGlobalSection
	GlobalSection(SolutionProperties) = preSolution
		HideSolutionNode = FALSE
	EndGlobalSection
	GlobalSection(ExtensibilityGlobals) = postSolution
		SolutionGuid = {46A35132-5212-46AD-AA10-6DFB9D00F005}
	EndGlobalSection
EndGlobal
